
Microsoft Visual Studio Solution File, Format Version 12.00
# Visual Studio Version 17
VisualStudioVersion = 17.8.34330.188
MinimumVisualStudioVersion = 10.0.40219.1
Project("{FAE04EC0-301F-11D3-BF4B-00C04F79EFBC}") = "MathGameMaui", "MathGameMaui\MathGameMaui.csproj", "{1531F08E-D1D6-42AD-8A29-F67AA8BCBECE}"
EndProject
Global
	GlobalSection(SolutionConfigurationPlatforms) = preSolution
		Debug|Any CPU = Debug|Any CPU
		Release|Any CPU = Release|Any CPU
	EndGlobalSection
	GlobalSection(ProjectConfigurationPlatforms) = postSolution
		{1531F08E-D1D6-42AD-8A29-F67AA8BCBECE}.Debug|Any CPU.ActiveCfg = Debug|Any CPU
		{1531F08E-D1D6-42AD-8A29-F67AA8BCBECE}.Debug|Any CPU.Build.0 = Debug|Any CPU
		{1531F08E-D1D6-42AD-8A29-F67AA8BCBECE}.Debug|Any CPU.Deploy.0 = Debug|Any CPU
		{1531F08E-D1D6-42AD-8A29-F67AA8BCBECE}.Release|Any CPU.ActiveCfg = Release|Any CPU
		{1531F08E-D1D6-42AD-8A29-F67AA8BCBECE}.Release|Any CPU.Build.0 = Release|Any CPU
		{1531F08E-D1D6-42AD-8A29-F67AA8BCBECE}.Release|Any CPU.Deploy.0 = Release|Any CPU
	EndGlobalSection
	GlobalSection(SolutionProperties) = preSolution
		HideSolutionNode = FALSE
	EndGlobalSection
	GlobalSection(ExtensibilityGlobals) = postSolution
		SolutionGuid = {AF33D9C3-4E78-47D0-9C88-11972C182811}
	EndGlobalSection
EndGlobal
